
Microsoft Visual Studio Solution File, Format Version 12.00
# Visual Studio Version 17
VisualStudioVersion = 17.3.32804.467
MinimumVisualStudioVersion = 10.0.40219.1
Project("{FAE04EC0-301F-11D3-BF4B-00C04F79EFBC}") = "InterfacesTwo", "InterfacesTwo\InterfacesTwo.csproj", "{7B7D19C1-6B53-4512-8599-C5BDA64984C3}"
EndProject
Global
	GlobalSection(SolutionConfigurationPlatforms) = preSolution
		Debug|Any CPU = Debug|Any CPU
		Release|Any CPU = Release|Any CPU
	EndGlobalSection
	GlobalSection(ProjectConfigurationPlatforms) = postSolution
		{7B7D19C1-6B53-4512-8599-C5BDA64984C3}.Debug|Any CPU.ActiveCfg = Debug|Any CPU
		{7B7D19C1-6B53-4512-8599-C5BDA64984C3}.Debug|Any CPU.Build.0 = Debug|Any CPU
		{7B7D19C1-6B53-4512-8599-C5BDA64984C3}.Release|Any CPU.ActiveCfg = Release|Any CPU
		{7B7D19C1-6B53-4512-8599-C5BDA64984C3}.Release|Any CPU.Build.0 = Release|Any CPU
	EndGlobalSection
	GlobalSection(SolutionProperties) = preSolution
		HideSolutionNode = FALSE
	EndGlobalSection
	GlobalSection(ExtensibilityGlobals) = postSolution
		SolutionGuid = {06DA6BC7-B173-4EAC-9367-D303450E9826}
	EndGlobalSection
EndGlobal
